
Microsoft Visual Studio Solution File, Format Version 12.00
# Visual Studio 15
VisualStudioVersion = 15.0.28307.168
MinimumVisualStudioVersion = 10.0.40219.1
Project("{FAE04EC0-301F-11D3-BF4B-00C04F79EFBC}") = "TravelRecord.Android", "TravelRecord\TravelRecord.Android\TravelRecord.Android.csproj", "{8B0CC2BB-20C8-4EFB-A081-41D9F389F490}"
EndProject
Project("{FAE04EC0-301F-11D3-BF4B-00C04F79EFBC}") = "TravelRecord.iOS", "TravelRecord\TravelRecord.iOS\TravelRecord.iOS.csproj", "{DBA14BC5-ECC4-41E7-AB26-CE6BA0CEE890}"
EndProject
Project("{FAE04EC0-301F-11D3-BF4B-00C04F79EFBC}") = "TravelRecord", "TravelRecord\TravelRecord\TravelRecord.csproj", "{C97A1607-BACF-4C39-9086-740E3BB748AD}"
EndProject
Global
	GlobalSection(SolutionConfigurationPlatforms) = preSolution
		Ad-Hoc|Any CPU = Ad-Hoc|Any CPU
		Ad-Hoc|iPhone = Ad-Hoc|iPhone
		Ad-Hoc|iPhoneSimulator = Ad-Hoc|iPhoneSimulator
		AppStore|Any CPU = AppStore|Any CPU
		AppStore|iPhone = AppStore|iPhone
		AppStore|iPhoneSimulator = AppStore|iPhoneSimulator
		Debug|Any CPU = Debug|Any CPU
		Debug|iPhone = Debug|iPhone
		Debug|iPhoneSimulator = Debug|iPhoneSimulator
		Release|Any CPU = Release|Any CPU
		Release|iPhone = Release|iPhone
		Release|iPhoneSimulator = Release|iPhoneSimulator
	EndGlobalSection
	GlobalSection(ProjectConfigurationPlatforms) = postSolution
		{8B0CC2BB-20C8-4EFB-A081-41D9F389F490}.Ad-Hoc|Any CPU.ActiveCfg = Release|Any CPU
		{8B0CC2BB-20C8-4EFB-A081-41D9F389F490}.Ad-Hoc|Any CPU.Build.0 = Release|Any CPU
		{8B0CC2BB-20C8-4EFB-A081-41D9F389F490}.Ad-Hoc|Any CPU.Deploy.0 = Release|Any CPU
		{8B0CC2BB-20C8-4EFB-A081-41D9F389F490}.Ad-Hoc|iPhone.ActiveCfg = Release|Any CPU
		{8B0CC2BB-20C8-4EFB-A081-41D9F389F490}.Ad-Hoc|iPhone.Build.0 = Release|Any CPU
		{8B0CC2BB-20C8-4EFB-A081-41D9F389F490}.Ad-Hoc|iPhone.Deploy.0 = Release|Any CPU
		{8B0CC2BB-20C8-4EFB-A081-41D9F389F490}.Ad-Hoc|iPhoneSimulator.ActiveCfg = Release|Any CPU
		{8B0CC2BB-20C8-4EFB-A081-41D9F389F490}.Ad-Hoc|iPhoneSimulator.Build.0 = Release|Any CPU
		{8B0CC2BB-20C8-4EFB-A081-41D9F389F490}.Ad-Hoc|iPhoneSimulator.Deploy.0 = Release|Any CPU
		{8B0CC2BB-20C8-4EFB-A081-41D9F389F490}.AppStore|Any CPU.ActiveCfg = Release|Any CPU
		{8B0CC2BB-20C8-4EFB-A081-41D9F389F490}.AppStore|Any CPU.Build.0 = Release|Any CPU
		{8B0CC2BB-20C8-4EFB-A081-41D9F389F490}.AppStore|Any CPU.Deploy.0 = Release|Any CPU
		{8B0CC2BB-20C8-4EFB-A081-41D9F389F490}.AppStore|iPhone.ActiveCfg = Release|Any CPU
		{8B0CC2BB-20C8-4EFB-A081-41D9F389F490}.AppStore|iPhone.Build.0 = Release|Any CPU
		{8B0CC2BB-20C8-4EFB-A081-41D9F389F490}.AppStore|iPhone.Deploy.0 = Release|Any CPU
		{8B0CC2BB-20C8-4EFB-A081-41D9F389F490}.AppStore|iPhoneSimulator.ActiveCfg = Release|Any CPU
		{8B0CC2BB-20C8-4EFB-A081-41D9F389F490}.AppStore|iPhoneSimulator.Build.0 = Release|Any CPU
		{8B0CC2BB-20C8-4EFB-A081-41D9F389F490}.AppStore|iPhoneSimulator.Deploy.0 = Release|Any CPU
		{8B0CC2BB-20C8-4EFB-A081-41D9F389F490}.Debug|Any CPU.ActiveCfg = Debug|Any CPU
		{8B0CC2BB-20C8-4EFB-A081-41D9F389F490}.Debug|Any CPU.Build.0 = Debug|Any CPU
		{8B0CC2BB-20C8-4EFB-A081-41D9F389F490}.Debug|Any CPU.Deploy.0 = Debug|Any CPU
		{8B0CC2BB-20C8-4EFB-A081-41D9F389F490}.Debug|iPhone.ActiveCfg = Debug|Any CPU
		{8B0CC2BB-20C8-4EFB-A081-41D9F389F490}.Debug|iPhone.Build.0 = Debug|Any CPU
		{8B0CC2BB-20C8-4EFB-A081-41D9F389F490}.Debug|iPhone.Deploy.0 = Debug|Any CPU
		{8B0CC2BB-20C8-4EFB-A081-41D9F389F490}.Debug|iPhoneSimulator.ActiveCfg = Debug|Any CPU
		{8B0CC2BB-20C8-4EFB-A081-41D9F389F490}.Debug|iPhoneSimulator.Build.0 = Debug|Any CPU
		{8B0CC2BB-20C8-4EFB-A081-41D9F389F490}.Debug|iPhoneSimulator.Deploy.0 = Debug|Any CPU
		{8B0CC2BB-20C8-4EFB-A081-41D9F389F490}.Release|Any CPU.ActiveCfg = Release|Any CPU
		{8B0CC2BB-20C8-4EFB-A081-41D9F389F490}.Release|Any CPU.Build.0 = Release|Any CPU
		{8B0CC2BB-20C8-4EFB-A081-41D9F389F490}.Release|Any CPU.Deploy.0 = Release|Any CPU
		{8B0CC2BB-20C8-4EFB-A081-41D9F389F490}.Release|iPhone.ActiveCfg = Release|Any CPU
		{8B0CC2BB-20C8-4EFB-A081-41D9F389F490}.Release|iPhone.Build.0 = Release|Any CPU
		{8B0CC2BB-20C8-4EFB-A081-41D9F389F490}.Release|iPhone.Deploy.0 = Release|Any CPU
		{8B0CC2BB-20C8-4EFB-A081-41D9F389F490}.Release|iPhoneSimulator.ActiveCfg = Release|Any CPU
		{8B0CC2BB-20C8-4EFB-A081-41D9F389F490}.Release|iPhoneSimulator.Build.0 = Release|Any CPU
		{8B0CC2BB-20C8-4EFB-A081-41D9F389F490}.Release|iPhoneSimulator.Deploy.0 = Release|Any CPU
		{DBA14BC5-ECC4-41E7-AB26-CE6BA0CEE890}.Ad-Hoc|Any CPU.ActiveCfg = Ad-Hoc|iPhone
		{DBA14BC5-ECC4-41E7-AB26-CE6BA0CEE890}.Ad-Hoc|Any CPU.Build.0 = Ad-Hoc|iPhone
		{DBA14BC5-ECC4-41E7-AB26-CE6BA0CEE890}.Ad-Hoc|Any CPU.Deploy.0 = Ad-Hoc|iPhone
		{DBA14BC5-ECC4-41E7-AB26-CE6BA0CEE890}.Ad-Hoc|iPhone.ActiveCfg = Ad-Hoc|iPhone
		{DBA14BC5-ECC4-41E7-AB26-CE6BA0CEE890}.Ad-Hoc|iPhone.Build.0 = Ad-Hoc|iPhone
		{DBA14BC5-ECC4-41E7-AB26-CE6BA0CEE890}.Ad-Hoc|iPhone.Deploy.0 = Ad-Hoc|iPhone
		{DBA14BC5-ECC4-41E7-AB26-CE6BA0CEE890}.Ad-Hoc|iPhoneSimulator.ActiveCfg = Ad-Hoc|iPhoneSimulator
		{DBA14BC5-ECC4-41E7-AB26-CE6BA0CEE890}.Ad-Hoc|iPhoneSimulator.Build.0 = Ad-Hoc|iPhoneSimulator
		{DBA14BC5-ECC4-41E7-AB26-CE6BA0CEE890}.Ad-Hoc|iPhoneSimulator.Deploy.0 = Ad-Hoc|iPhoneSimulator
		{DBA14BC5-ECC4-41E7-AB26-CE6BA0CEE890}.AppStore|Any CPU.ActiveCfg = AppStore|iPhone
		{DBA14BC5-ECC4-41E7-AB26-CE6BA0CEE890}.AppStore|Any CPU.Build.0 = AppStore|iPhone
		{DBA14BC5-ECC4-41E7-AB26-CE6BA0CEE890}.AppStore|Any CPU.Deploy.0 = AppStore|iPhone
		{DBA14BC5-ECC4-41E7-AB26-CE6BA0CEE890}.AppStore|iPhone.ActiveCfg = AppStore|iPhone
		{DBA14BC5-ECC4-41E7-AB26-CE6BA0CEE890}.AppStore|iPhone.Build.0 = AppStore|iPhone
		{DBA14BC5-ECC4-41E7-AB26-CE6BA0CEE890}.AppStore|iPhone.Deploy.0 = AppStore|iPhone
		{DBA14BC5-ECC4-41E7-AB26-CE6BA0CEE890}.AppStore|iPhoneSimulator.ActiveCfg = AppStore|iPhoneSimulator
		{DBA14BC5-ECC4-41E7-AB26-CE6BA0CEE890}.AppStore|iPhoneSimulator.Build.0 = AppStore|iPhoneSimulator
		{DBA14BC5-ECC4-41E7-AB26-CE6BA0CEE890}.AppStore|iPhoneSimulator.Deploy.0 = AppStore|iPhoneSimulator
		{DBA14BC5-ECC4-41E7-AB26-CE6BA0CEE890}.Debug|Any CPU.ActiveCfg = Debug|iPhoneSimulator
		{DBA14BC5-ECC4-41E7-AB26-CE6BA0CEE890}.Debug|Any CPU.Build.0 = Debug|iPhoneSimulator
		{DBA14BC5-ECC4-41E7-AB26-CE6BA0CEE890}.Debug|Any CPU.Deploy.0 = Debug|iPhoneSimulator
		{DBA14BC5-ECC4-41E7-AB26-CE6BA0CEE890}.Debug|iPhone.ActiveCfg = Debug|iPhone
		{DBA14BC5-ECC4-41E7-AB26-CE6BA0CEE890}.Debug|iPhone.Build.0 = Debug|iPhone
		{DBA14BC5-ECC4-41E7-AB26-CE6BA0CEE890}.Debug|iPhone.Deploy.0 = Debug|iPhone
		{DBA14BC5-ECC4-41E7-AB26-CE6BA0CEE890}.Debug|iPhoneSimulator.ActiveCfg = Debug|iPhoneSimulator
		{DBA14BC5-ECC4-41E7-AB26-CE6BA0CEE890}.Debug|iPhoneSimulator.Build.0 = Debug|iPhoneSimulator
		{DBA14BC5-ECC4-41E7-AB26-CE6BA0CEE890}.Debug|iPhoneSimulator.Deploy.0 = Debug|iPhoneSimulator
		{DBA14BC5-ECC4-41E7-AB26-CE6BA0CEE890}.Release|Any CPU.ActiveCfg = Release|iPhone
		{DBA14BC5-ECC4-41E7-AB26-CE6BA0CEE890}.Release|Any CPU.Build.0 = Release|iPhone
		{DBA14BC5-ECC4-41E7-AB26-CE6BA0CEE890}.Release|Any CPU.Deploy.0 = Release|iPhone
		{DBA14BC5-ECC4-41E7-AB26-CE6BA0CEE890}.Release|iPhone.ActiveCfg = Release|iPhone
		{DBA14BC5-ECC4-41E7-AB26-CE6BA0CEE890}.Release|iPhone.Build.0 = Release|iPhone
		{DBA14BC5-ECC4-41E7-AB26-CE6BA0CEE890}.Release|iPhone.Deploy.0 = Release|iPhone
		{DBA14BC5-ECC4-41E7-AB26-CE6BA0CEE890}.Release|iPhoneSimulator.ActiveCfg = Release|iPhoneSimulator
		{DBA14BC5-ECC4-41E7-AB26-CE6BA0CEE890}.Release|iPhoneSimulator.Build.0 = Release|iPhoneSimulator
		{DBA14BC5-ECC4-41E7-AB26-CE6BA0CEE890}.Release|iPhoneSimulator.Deploy.0 = Release|iPhoneSimulator
		{C97A1607-BACF-4C39-9086-740E3BB748AD}.Ad-Hoc|Any CPU.ActiveCfg = Debug|Any CPU
		{C97A1607-BACF-4C39-9086-740E3BB748AD}.Ad-Hoc|Any CPU.Build.0 = Debug|Any CPU
		{C97A1607-BACF-4C39-9086-740E3BB748AD}.Ad-Hoc|Any CPU.Deploy.0 = Debug|Any CPU
		{C97A1607-BACF-4C39-9086-740E3BB748AD}.Ad-Hoc|iPhone.ActiveCfg = Debug|Any CPU
		{C97A1607-BACF-4C39-9086-740E3BB748AD}.Ad-Hoc|iPhone.Build.0 = Debug|Any CPU
		{C97A1607-BACF-4C39-9086-740E3BB748AD}.Ad-Hoc|iPhone.Deploy.0 = Debug|Any CPU
		{C97A1607-BACF-4C39-9086-740E3BB748AD}.Ad-Hoc|iPhoneSimulator.ActiveCfg = Debug|Any CPU
		{C97A1607-BACF-4C39-9086-740E3BB748AD}.Ad-Hoc|iPhoneSimulator.Build.0 = Debug|Any CPU
		{C97A1607-BACF-4C39-9086-740E3BB748AD}.Ad-Hoc|iPhoneSimulator.Deploy.0 = Debug|Any CPU
		{C97A1607-BACF-4C39-9086-740E3BB748AD}.AppStore|Any CPU.ActiveCfg = Debug|Any CPU
		{C97A1607-BACF-4C39-9086-740E3BB748AD}.AppStore|Any CPU.Build.0 = Debug|Any CPU
		{C97A1607-BACF-4C39-9086-740E3BB748AD}.AppStore|Any CPU.Deploy.0 = Debug|Any CPU
		{C97A1607-BACF-4C39-9086-740E3BB748AD}.AppStore|iPhone.ActiveCfg = Debug|Any CPU
		{C97A1607-BACF-4C39-9086-740E3BB748AD}.AppStore|iPhone.Build.0 = Debug|Any CPU
		{C97A1607-BACF-4C39-9086-740E3BB748AD}.AppStore|iPhone.Deploy.0 = Debug|Any CPU
		{C97A1607-BACF-4C39-9086-740E3BB748AD}.AppStore|iPhoneSimulator.ActiveCfg = Debug|Any CPU
		{C97A1607-BACF-4C39-9086-740E3BB748AD}.AppStore|iPhoneSimulator.Build.0 = Debug|Any CPU
		{C97A1607-BACF-4C39-9086-740E3BB748AD}.AppStore|iPhoneSimulator.Deploy.0 = Debug|Any CPU
		{C97A1607-BACF-4C39-9086-740E3BB748AD}.Debug|Any CPU.ActiveCfg = Debug|Any CPU
		{C97A1607-BACF-4C39-9086-740E3BB748AD}.Debug|Any CPU.Build.0 = Debug|Any CPU
		{C97A1607-BACF-4C39-9086-740E3BB748AD}.Debug|Any CPU.Deploy.0 = Debug|Any CPU
		{C97A1607-BACF-4C39-9086-740E3BB748AD}.Debug|iPhone.ActiveCfg = Debug|Any CPU
		{C97A1607-BACF-4C39-9086-740E3BB748AD}.Debug|iPhone.Build.0 = Debug|Any CPU
		{C97A1607-BACF-4C39-9086-740E3BB748AD}.Debug|iPhone.Deploy.0 = Debug|Any CPU
		{C97A1607-BACF-4C39-9086-740E3BB748AD}.Debug|iPhoneSimulator.ActiveCfg = Debug|Any CPU
		{C97A1607-BACF-4C39-9086-740E3BB748AD}.Debug|iPhoneSimulator.Build.0 = Debug|Any CPU
		{C97A1607-BACF-4C39-9086-740E3BB748AD}.Debug|iPhoneSimulator.Deploy.0 = Debug|Any CPU
		{C97A1607-BACF-4C39-9086-740E3BB748AD}.Release|Any CPU.ActiveCfg = Release|Any CPU
		{C97A1607-BACF-4C39-9086-740E3BB748AD}.Release|Any CPU.Build.0 = Release|Any CPU
		{C97A1607-BACF-4C39-9086-740E3BB748AD}.Release|Any CPU.Deploy.0 = Release|Any CPU
		{C97A1607-BACF-4C39-9086-740E3BB748AD}.Release|iPhone.ActiveCfg = Release|Any CPU
		{C97A1607-BACF-4C39-9086-740E3BB748AD}.Release|iPhone.Build.0 = Release|Any CPU
		{C97A1607-BACF-4C39-9086-740E3BB748AD}.Release|iPhone.Deploy.0 = Release|Any CPU
		{C97A1607-BACF-4C39-9086-740E3BB748AD}.Release|iPhoneSimulator.ActiveCfg = Release|Any CPU
		{C97A1607-BACF-4C39-9086-740E3BB748AD}.Release|iPhoneSimulator.Build.0 = Release|Any CPU
		{C97A1607-BACF-4C39-9086-740E3BB748AD}.Release|iPhoneSimulator.Deploy.0 = Release|Any CPU
	EndGlobalSection
	GlobalSection(SolutionProperties) = preSolution
		HideSolutionNode = FALSE
	EndGlobalSection
	GlobalSection(ExtensibilityGlobals) = postSolution
		SolutionGuid = {D738F24B-7144-49E4-9D60-BE16E395E22C}
	EndGlobalSection
EndGlobal
